// !$*UTF8*$!
{
	archiveVersion = 1;
	classes = {
	};
	objectVersion = 50;
	objects = {

/* Begin PBXBuildFile section */
		93C111D3208546DF0097631E /* AppDelegate.swift in Sources */ = {isa = PBXBuildFile; fileRef = 93C111D2208546DF0097631E /* AppDelegate.swift */; };
		93C111D5208546DF0097631E /* MusicMediaViewController.swift in Sources */ = {isa = PBXBuildFile; fileRef = 93C111D4208546DF0097631E /* MusicMediaViewController.swift */; };
		93C111D8208546DF0097631E /* Main.storyboard in Resources */ = {isa = PBXBuildFile; fileRef = 93C111D6208546DF0097631E /* Main.storyboard */; };
		93C111DB208546DF0097631E /* appleMediaDisplay.xcdatamodeld in Sources */ = {isa = PBXBuildFile; fileRef = 93C111D9208546DF0097631E /* appleMediaDisplay.xcdatamodeld */; };
		93C111DD208546E10097631E /* Assets.xcassets in Resources */ = {isa = PBXBuildFile; fileRef = 93C111DC208546E10097631E /* Assets.xcassets */; };
		93C111E0208546E10097631E /* LaunchScreen.storyboard in Resources */ = {isa = PBXBuildFile; fileRef = 93C111DE208546E10097631E /* LaunchScreen.storyboard */; };
		93C111EB208546E10097631E /* appleMediaDisplayTests.swift in Sources */ = {isa = PBXBuildFile; fileRef = 93C111EA208546E10097631E /* appleMediaDisplayTests.swift */; };
		93C111F6208546E10097631E /* appleMediaDisplayUITests.swift in Sources */ = {isa = PBXBuildFile; fileRef = 93C111F5208546E10097631E /* appleMediaDisplayUITests.swift */; };
		93C11205208548B10097631E /* BookMediaViewController.swift in Sources */ = {isa = PBXBuildFile; fileRef = 93C11204208548B10097631E /* BookMediaViewController.swift */; };
		93C11207208548BC0097631E /* PodcastMediaViewController.swift in Sources */ = {isa = PBXBuildFile; fileRef = 93C11206208548BC0097631E /* PodcastMediaViewController.swift */; };
		93C11209208548D80097631E /* TVShowsMediaViewController.swift in Sources */ = {isa = PBXBuildFile; fileRef = 93C11208208548D80097631E /* TVShowsMediaViewController.swift */; };
		93C1120B208549000097631E /* MediaDetailViewController.swift in Sources */ = {isa = PBXBuildFile; fileRef = 93C1120A208549000097631E /* MediaDetailViewController.swift */; };
		93C1120D208549120097631E /* ImageAPIClient.swift in Sources */ = {isa = PBXBuildFile; fileRef = 93C1120C208549120097631E /* ImageAPIClient.swift */; };
		93C1120F208549220097631E /* MediaAPIClient.swift in Sources */ = {isa = PBXBuildFile; fileRef = 93C1120E208549220097631E /* MediaAPIClient.swift */; };
		93C112112085492E0097631E /* AppError.swift in Sources */ = {isa = PBXBuildFile; fileRef = 93C112102085492E0097631E /* AppError.swift */; };
		93C11213208549390097631E /* NetworkHelper.swift in Sources */ = {isa = PBXBuildFile; fileRef = 93C11212208549390097631E /* NetworkHelper.swift */; };
		93C11217208549770097631E /* MediaDetailView.swift in Sources */ = {isa = PBXBuildFile; fileRef = 93C11216208549770097631E /* MediaDetailView.swift */; };
		93C11219208549850097631E /* MediaDisplayView.swift in Sources */ = {isa = PBXBuildFile; fileRef = 93C11218208549850097631E /* MediaDisplayView.swift */; };
		93C1121B208549960097631E /* MediaTableViewCell.swift in Sources */ = {isa = PBXBuildFile; fileRef = 93C1121A208549960097631E /* MediaTableViewCell.swift */; };
		93C1121D208549A00097631E /* Media.swift in Sources */ = {isa = PBXBuildFile; fileRef = 93C1121C208549A00097631E /* Media.swift */; };
/* End PBXBuildFile section */

/* Begin PBXContainerItemProxy section */
		93C111E7208546E10097631E /* PBXContainerItemProxy */ = {
			isa = PBXContainerItemProxy;
			containerPortal = 93C111C7208546DE0097631E /* Project object */;
			proxyType = 1;
			remoteGlobalIDString = 93C111CE208546DE0097631E;
			remoteInfo = appleMediaDisplay;
		};
		93C111F2208546E10097631E /* PBXContainerItemProxy */ = {
			isa = PBXContainerItemProxy;
			containerPortal = 93C111C7208546DE0097631E /* Project object */;
			proxyType = 1;
			remoteGlobalIDString = 93C111CE208546DE0097631E;
			remoteInfo = appleMediaDisplay;
		};
/* End PBXContainerItemProxy section */

/* Begin PBXFileReference section */
		93C111CF208546DE0097631E /* appleMediaDisplay.app */ = {isa = PBXFileReference; explicitFileType = wrapper.application; includeInIndex = 0; path = appleMediaDisplay.app; sourceTree = BUILT_PRODUCTS_DIR; };
		93C111D2208546DF0097631E /* AppDelegate.swift */ = {isa = PBXFileReference; lastKnownFileType = sourcecode.swift; path = AppDelegate.swift; sourceTree = "<group>"; };
		93C111D4208546DF0097631E /* MusicMediaViewController.swift */ = {isa = PBXFileReference; lastKnownFileType = sourcecode.swift; path = MusicMediaViewController.swift; sourceTree = "<group>"; };
		93C111D7208546DF0097631E /* Base */ = {isa = PBXFileReference; lastKnownFileType = file.storyboard; name = Base; path = Base.lproj/Main.storyboard; sourceTree = "<group>"; };
		93C111DA208546DF0097631E /* appleMediaDisplay.xcdatamodel */ = {isa = PBXFileReference; lastKnownFileType = wrapper.xcdatamodel; path = appleMediaDisplay.xcdatamodel; sourceTree = "<group>"; };
		93C111DC208546E10097631E /* Assets.xcassets */ = {isa = PBXFileReference; lastKnownFileType = folder.assetcatalog; path = Assets.xcassets; sourceTree = "<group>"; };
		93C111DF208546E10097631E /* Base */ = {isa = PBXFileReference; lastKnownFileType = file.storyboard; name = Base; path = Base.lproj/LaunchScreen.storyboard; sourceTree = "<group>"; };
		93C111E1208546E10097631E /* Info.plist */ = {isa = PBXFileReference; lastKnownFileType = text.plist.xml; path = Info.plist; sourceTree = "<group>"; };
		93C111E6208546E10097631E /* appleMediaDisplayTests.xctest */ = {isa = PBXFileReference; explicitFileType = wrapper.cfbundle; includeInIndex = 0; path = appleMediaDisplayTests.xctest; sourceTree = BUILT_PRODUCTS_DIR; };
		93C111EA208546E10097631E /* appleMediaDisplayTests.swift */ = {isa = PBXFileReference; lastKnownFileType = sourcecode.swift; path = appleMediaDisplayTests.swift; sourceTree = "<group>"; };
		93C111EC208546E10097631E /* Info.plist */ = {isa = PBXFileReference; lastKnownFileType = text.plist.xml; path = Info.plist; sourceTree = "<group>"; };
		93C111F1208546E10097631E /* appleMediaDisplayUITests.xctest */ = {isa = PBXFileReference; explicitFileType = wrapper.cfbundle; includeInIndex = 0; path = appleMediaDisplayUITests.xctest; sourceTree = BUILT_PRODUCTS_DIR; };
		93C111F5208546E10097631E /* appleMediaDisplayUITests.swift */ = {isa = PBXFileReference; lastKnownFileType = sourcecode.swift; path = appleMediaDisplayUITests.swift; sourceTree = "<group>"; };
		93C111F7208546E10097631E /* Info.plist */ = {isa = PBXFileReference; lastKnownFileType = text.plist.xml; path = Info.plist; sourceTree = "<group>"; };
		93C11204208548B10097631E /* BookMediaViewController.swift */ = {isa = PBXFileReference; lastKnownFileType = sourcecode.swift; path = BookMediaViewController.swift; sourceTree = "<group>"; };
		93C11206208548BC0097631E /* PodcastMediaViewController.swift */ = {isa = PBXFileReference; lastKnownFileType = sourcecode.swift; path = PodcastMediaViewController.swift; sourceTree = "<group>"; };
		93C11208208548D80097631E /* TVShowsMediaViewController.swift */ = {isa = PBXFileReference; lastKnownFileType = sourcecode.swift; path = TVShowsMediaViewController.swift; sourceTree = "<group>"; };
		93C1120A208549000097631E /* MediaDetailViewController.swift */ = {isa = PBXFileReference; lastKnownFileType = sourcecode.swift; path = MediaDetailViewController.swift; sourceTree = "<group>"; };
		93C1120C208549120097631E /* ImageAPIClient.swift */ = {isa = PBXFileReference; lastKnownFileType = sourcecode.swift; path = ImageAPIClient.swift; sourceTree = "<group>"; };
		93C1120E208549220097631E /* MediaAPIClient.swift */ = {isa = PBXFileReference; lastKnownFileType = sourcecode.swift; path = MediaAPIClient.swift; sourceTree = "<group>"; };
		93C112102085492E0097631E /* AppError.swift */ = {isa = PBXFileReference; lastKnownFileType = sourcecode.swift; path = AppError.swift; sourceTree = "<group>"; };
		93C11212208549390097631E /* NetworkHelper.swift */ = {isa = PBXFileReference; lastKnownFileType = sourcecode.swift; path = NetworkHelper.swift; sourceTree = "<group>"; };
		93C11216208549770097631E /* MediaDetailView.swift */ = {isa = PBXFileReference; lastKnownFileType = sourcecode.swift; path = MediaDetailView.swift; sourceTree = "<group>"; };
		93C11218208549850097631E /* MediaDisplayView.swift */ = {isa = PBXFileReference; lastKnownFileType = sourcecode.swift; path = MediaDisplayView.swift; sourceTree = "<group>"; };
		93C1121A208549960097631E /* MediaTableViewCell.swift */ = {isa = PBXFileReference; lastKnownFileType = sourcecode.swift; path = MediaTableViewCell.swift; sourceTree = "<group>"; };
		93C1121C208549A00097631E /* Media.swift */ = {isa = PBXFileReference; lastKnownFileType = sourcecode.swift; path = Media.swift; sourceTree = "<group>"; };
/* End PBXFileReference section */

/* Begin PBXFrameworksBuildPhase section */
		93C111CC208546DE0097631E /* Frameworks */ = {
			isa = PBXFrameworksBuildPhase;
			buildActionMask = 2147483647;
			files = (
			);
			runOnlyForDeploymentPostprocessing = 0;
		};
		93C111E3208546E10097631E /* Frameworks */ = {
			isa = PBXFrameworksBuildPhase;
			buildActionMask = 2147483647;
			files = (
			);
			runOnlyForDeploymentPostprocessing = 0;
		};
		93C111EE208546E10097631E /* Frameworks */ = {
			isa = PBXFrameworksBuildPhase;
			buildActionMask = 2147483647;
			files = (
			);
			runOnlyForDeploymentPostprocessing = 0;
		};
/* End PBXFrameworksBuildPhase section */

/* Begin PBXGroup section */
		93C111C6208546DE0097631E = {
			isa = PBXGroup;
			children = (
				93C111D1208546DE0097631E /* appleMediaDisplay */,
				93C111E9208546E10097631E /* appleMediaDisplayTests */,
				93C111F4208546E10097631E /* appleMediaDisplayUITests */,
				93C111D0208546DE0097631E /* Products */,
			);
			sourceTree = "<group>";
		};
		93C111D0208546DE0097631E /* Products */ = {
			isa = PBXGroup;
			children = (
				93C111CF208546DE0097631E /* appleMediaDisplay.app */,
				93C111E6208546E10097631E /* appleMediaDisplayTests.xctest */,
				93C111F1208546E10097631E /* appleMediaDisplayUITests.xctest */,
			);
			name = Products;
			sourceTree = "<group>";
		};
		93C111D1208546DE0097631E /* appleMediaDisplay */ = {
			isa = PBXGroup;
			children = (
				93C111D2208546DF0097631E /* AppDelegate.swift */,
				93C1121E208549CA0097631E /* View Controllers */,
				93C11222208549F40097631E /* Network Handlers */,
				93C1121F208549D70097631E /* Views */,
				93C11220208549E20097631E /* Cells */,
				93C11221208549E90097631E /* Models */,
				93C112032085488C0097631E /* Supporting Files */,
				93C111E1208546E10097631E /* Info.plist */,
				93C111D9208546DF0097631E /* appleMediaDisplay.xcdatamodeld */,
			);
			path = appleMediaDisplay;
			sourceTree = "<group>";
		};
		93C111E9208546E10097631E /* appleMediaDisplayTests */ = {
			isa = PBXGroup;
			children = (
				93C111EA208546E10097631E /* appleMediaDisplayTests.swift */,
				93C111EC208546E10097631E /* Info.plist */,
			);
			path = appleMediaDisplayTests;
			sourceTree = "<group>";
		};
		93C111F4208546E10097631E /* appleMediaDisplayUITests */ = {
			isa = PBXGroup;
			children = (
				93C111F5208546E10097631E /* appleMediaDisplayUITests.swift */,
				93C111F7208546E10097631E /* Info.plist */,
			);
			path = appleMediaDisplayUITests;
			sourceTree = "<group>";
		};
		93C112032085488C0097631E /* Supporting Files */ = {
			isa = PBXGroup;
			children = (
				93C111D6208546DF0097631E /* Main.storyboard */,
				93C111DC208546E10097631E /* Assets.xcassets */,
				93C111DE208546E10097631E /* LaunchScreen.storyboard */,
			);
			path = "Supporting Files";
			sourceTree = "<group>";
		};
		93C1121E208549CA0097631E /* View Controllers */ = {
			isa = PBXGroup;
			children = (
				93C111D4208546DF0097631E /* MusicMediaViewController.swift */,
				93C11204208548B10097631E /* BookMediaViewController.swift */,
				93C11206208548BC0097631E /* PodcastMediaViewController.swift */,
				93C11208208548D80097631E /* TVShowsMediaViewController.swift */,
				93C1120A208549000097631E /* MediaDetailViewController.swift */,
			);
			path = "View Controllers";
			sourceTree = "<group>";
		};
		93C1121F208549D70097631E /* Views */ = {
			isa = PBXGroup;
			children = (
				93C11216208549770097631E /* MediaDetailView.swift */,
				93C11218208549850097631E /* MediaDisplayView.swift */,
			);
			path = Views;
			sourceTree = "<group>";
		};
		93C11220208549E20097631E /* Cells */ = {
			isa = PBXGroup;
			children = (
				93C1121A208549960097631E /* MediaTableViewCell.swift */,
			);
			path = Cells;
			sourceTree = "<group>";
		};
		93C11221208549E90097631E /* Models */ = {
			isa = PBXGroup;
			children = (
				93C1121C208549A00097631E /* Media.swift */,
			);
			path = Models;
			sourceTree = "<group>";
		};
		93C11222208549F40097631E /* Network Handlers */ = {
			isa = PBXGroup;
			children = (
				93C112102085492E0097631E /* AppError.swift */,
				93C11212208549390097631E /* NetworkHelper.swift */,
				93C1120E208549220097631E /* MediaAPIClient.swift */,
				93C1120C208549120097631E /* ImageAPIClient.swift */,
			);
			path = "Network Handlers";
			sourceTree = "<group>";
		};
/* End PBXGroup section */

/* Begin PBXNativeTarget section */
		93C111CE208546DE0097631E /* appleMediaDisplay */ = {
			isa = PBXNativeTarget;
			buildConfigurationList = 93C111FA208546E10097631E /* Build configuration list for PBXNativeTarget "appleMediaDisplay" */;
			buildPhases = (
				93C111CB208546DE0097631E /* Sources */,
				93C111CC208546DE0097631E /* Frameworks */,
				93C111CD208546DE0097631E /* Resources */,
			);
			buildRules = (
			);
			dependencies = (
			);
			name = appleMediaDisplay;
			productName = appleMediaDisplay;
			productReference = 93C111CF208546DE0097631E /* appleMediaDisplay.app */;
			productType = "com.apple.product-type.application";
		};
		93C111E5208546E10097631E /* appleMediaDisplayTests */ = {
			isa = PBXNativeTarget;
			buildConfigurationList = 93C111FD208546E10097631E /* Build configuration list for PBXNativeTarget "appleMediaDisplayTests" */;
			buildPhases = (
				93C111E2208546E10097631E /* Sources */,
				93C111E3208546E10097631E /* Frameworks */,
				93C111E4208546E10097631E /* Resources */,
			);
			buildRules = (
			);
			dependencies = (
				93C111E8208546E10097631E /* PBXTargetDependency */,
			);
			name = appleMediaDisplayTests;
			productName = appleMediaDisplayTests;
			productReference = 93C111E6208546E10097631E /* appleMediaDisplayTests.xctest */;
			productType = "com.apple.product-type.bundle.unit-test";
		};
		93C111F0208546E10097631E /* appleMediaDisplayUITests */ = {
			isa = PBXNativeTarget;
			buildConfigurationList = 93C11200208546E10097631E /* Build configuration list for PBXNativeTarget "appleMediaDisplayUITests" */;
			buildPhases = (
				93C111ED208546E10097631E /* Sources */,
				93C111EE208546E10097631E /* Frameworks */,
				93C111EF208546E10097631E /* Resources */,
			);
			buildRules = (
			);
			dependencies = (
				93C111F3208546E10097631E /* PBXTargetDependency */,
			);
			name = appleMediaDisplayUITests;
			productName = appleMediaDisplayUITests;
			productReference = 93C111F1208546E10097631E /* appleMediaDisplayUITests.xctest */;
			productType = "com.apple.product-type.bundle.ui-testing";
		};
/* End PBXNativeTarget section */

/* Begin PBXProject section */
		93C111C7208546DE0097631E /* Project object */ = {
			isa = PBXProject;
			attributes = {
				LastSwiftUpdateCheck = 0930;
				LastUpgradeCheck = 0930;
				ORGANIZATIONNAME = "Ashlee Krammer";
				TargetAttributes = {
					93C111CE208546DE0097631E = {
						CreatedOnToolsVersion = 9.3;
					};
					93C111E5208546E10097631E = {
						CreatedOnToolsVersion = 9.3;
						TestTargetID = 93C111CE208546DE0097631E;
					};
					93C111F0208546E10097631E = {
						CreatedOnToolsVersion = 9.3;
						TestTargetID = 93C111CE208546DE0097631E;
					};
				};
			};
			buildConfigurationList = 93C111CA208546DE0097631E /* Build configuration list for PBXProject "appleMediaDisplay" */;
			compatibilityVersion = "Xcode 9.3";
			developmentRegion = en;
			hasScannedForEncodings = 0;
			knownRegions = (
				en,
				Base,
			);
			mainGroup = 93C111C6208546DE0097631E;
			productRefGroup = 93C111D0208546DE0097631E /* Products */;
			projectDirPath = "";
			projectRoot = "";
			targets = (
				93C111CE208546DE0097631E /* appleMediaDisplay */,
				93C111E5208546E10097631E /* appleMediaDisplayTests */,
				93C111F0208546E10097631E /* appleMediaDisplayUITests */,
			);
		};
/* End PBXProject section */

/* Begin PBXResourcesBuildPhase section */
		93C111CD208546DE0097631E /* Resources */ = {
			isa = PBXResourcesBuildPhase;
			buildActionMask = 2147483647;
			files = (
				93C111E0208546E10097631E /* LaunchScreen.storyboard in Resources */,
				93C111DD208546E10097631E /* Assets.xcassets in Resources */,
				93C111D8208546DF0097631E /* Main.storyboard in Resources */,
			);
			runOnlyForDeploymentPostprocessing = 0;
		};
		93C111E4208546E10097631E /* Resources */ = {
			isa = PBXResourcesBuildPhase;
			buildActionMask = 2147483647;
			files = (
			);
			runOnlyForDeploymentPostprocessing = 0;
		};
		93C111EF208546E10097631E /* Resources */ = {
			isa = PBXResourcesBuildPhase;
			buildActionMask = 2147483647;
			files = (
			);
			runOnlyForDeploymentPostprocessing = 0;
		};
/* End PBXResourcesBuildPhase section */

/* Begin PBXSourcesBuildPhase section */
		93C111CB208546DE0097631E /* Sources */ = {
			isa = PBXSourcesBuildPhase;
			buildActionMask = 2147483647;
			files = (
				93C11209208548D80097631E /* TVShowsMediaViewController.swift in Sources */,
				93C11207208548BC0097631E /* PodcastMediaViewController.swift in Sources */,
				93C112112085492E0097631E /* AppError.swift in Sources */,
				93C111DB208546DF0097631E /* appleMediaDisplay.xcdatamodeld in Sources */,
				93C11213208549390097631E /* NetworkHelper.swift in Sources */,
				93C1120D208549120097631E /* ImageAPIClient.swift in Sources */,
				93C11217208549770097631E /* MediaDetailView.swift in Sources */,
				93C1120F208549220097631E /* MediaAPIClient.swift in Sources */,
				93C111D5208546DF0097631E /* MusicMediaViewController.swift in Sources */,
				93C11219208549850097631E /* MediaDisplayView.swift in Sources */,
				93C11205208548B10097631E /* BookMediaViewController.swift in Sources */,
				93C111D3208546DF0097631E /* AppDelegate.swift in Sources */,
				93C1121B208549960097631E /* MediaTableViewCell.swift in Sources */,
				93C1120B208549000097631E /* MediaDetailViewController.swift in Sources */,
				93C1121D208549A00097631E /* Media.swift in Sources */,
			);
			runOnlyForDeploymentPostprocessing = 0;
		};
		93C111E2208546E10097631E /* Sources */ = {
			isa = PBXSourcesBuildPhase;
			buildActionMask = 2147483647;
			files = (
				93C111EB208546E10097631E /* appleMediaDisplayTests.swift in Sources */,
			);
			runOnlyForDeploymentPostprocessing = 0;
		};
		93C111ED208546E10097631E /* Sources */ = {
			isa = PBXSourcesBuildPhase;
			buildActionMask = 2147483647;
			files = (
				93C111F6208546E10097631E /* appleMediaDisplayUITests.swift in Sources */,
			);
			runOnlyForDeploymentPostprocessing = 0;
		};
/* End PBXSourcesBuildPhase section */

/* Begin PBXTargetDependency section */
		93C111E8208546E10097631E /* PBXTargetDependency */ = {
			isa = PBXTargetDependency;
			target = 93C111CE208546DE0097631E /* appleMediaDisplay */;
			targetProxy = 93C111E7208546E10097631E /* PBXContainerItemProxy */;
		};
		93C111F3208546E10097631E /* PBXTargetDependency */ = {
			isa = PBXTargetDependency;
			target = 93C111CE208546DE0097631E /* appleMediaDisplay */;
			targetProxy = 93C111F2208546E10097631E /* PBXContainerItemProxy */;
		};
/* End PBXTargetDependency section */

/* Begin PBXVariantGroup section */
		93C111D6208546DF0097631E /* Main.storyboard */ = {
			isa = PBXVariantGroup;
			children = (
				93C111D7208546DF0097631E /* Base */,
			);
			name = Main.storyboard;
			sourceTree = "<group>";
		};
		93C111DE208546E10097631E /* LaunchScreen.storyboard */ = {
			isa = PBXVariantGroup;
			children = (
				93C111DF208546E10097631E /* Base */,
			);
			name = LaunchScreen.storyboard;
			sourceTree = "<group>";
		};
/* End PBXVariantGroup section */

/* Begin XCBuildConfiguration section */
		93C111F8208546E10097631E /* Debug */ = {
			isa = XCBuildConfiguration;
			buildSettings = {
				ALWAYS_SEARCH_USER_PATHS = NO;
				CLANG_ANALYZER_NONNULL = YES;
				CLANG_ANALYZER_NUMBER_OBJECT_CONVERSION = YES_AGGRESSIVE;
				CLANG_CXX_LANGUAGE_STANDARD = "gnu++14";
				CLANG_CXX_LIBRARY = "libc++";
				CLANG_ENABLE_MODULES = YES;
				CLANG_ENABLE_OBJC_ARC = YES;
				CLANG_ENABLE_OBJC_WEAK = YES;
				CLANG_WARN_BLOCK_CAPTURE_AUTORELEASING = YES;
				CLANG_WARN_BOOL_CONVERSION = YES;
				CLANG_WARN_COMMA = YES;
				CLANG_WARN_CONSTANT_CONVERSION = YES;
				CLANG_WARN_DEPRECATED_OBJC_IMPLEMENTATIONS = YES;
				CLANG_WARN_DIRECT_OBJC_ISA_USAGE = YES_ERROR;
				CLANG_WARN_DOCUMENTATION_COMMENTS = YES;
				CLANG_WARN_EMPTY_BODY = YES;
				CLANG_WARN_ENUM_CONVERSION = YES;
				CLANG_WARN_INFINITE_RECURSION = YES;
				CLANG_WARN_INT_CONVERSION = YES;
				CLANG_WARN_NON_LITERAL_NULL_CONVERSION = YES;
				CLANG_WARN_OBJC_IMPLICIT_RETAIN_SELF = YES;
				CLANG_WARN_OBJC_LITERAL_CONVERSION = YES;
				CLANG_WARN_OBJC_ROOT_CLASS = YES_ERROR;
				CLANG_WARN_RANGE_LOOP_ANALYSIS = YES;
				CLANG_WARN_STRICT_PROTOTYPES = YES;
				CLANG_WARN_SUSPICIOUS_MOVE = YES;
				CLANG_WARN_UNGUARDED_AVAILABILITY = YES_AGGRESSIVE;
				CLANG_WARN_UNREACHABLE_CODE = YES;
				CLANG_WARN__DUPLICATE_METHOD_MATCH = YES;
				CODE_SIGN_IDENTITY = "iPhone Developer";
				COPY_PHASE_STRIP = NO;
				DEBUG_INFORMATION_FORMAT = dwarf;
				ENABLE_STRICT_OBJC_MSGSEND = YES;
				ENABLE_TESTABILITY = YES;
				GCC_C_LANGUAGE_STANDARD = gnu11;
				GCC_DYNAMIC_NO_PIC = NO;
				GCC_NO_COMMON_BLOCKS = YES;
				GCC_OPTIMIZATION_LEVEL = 0;
				GCC_PREPROCESSOR_DEFINITIONS = (
					"DEBUG=1",
					"$(inherited)",
				);
				GCC_WARN_64_TO_32_BIT_CONVERSION = YES;
				GCC_WARN_ABOUT_RETURN_TYPE = YES_ERROR;
				GCC_WARN_UNDECLARED_SELECTOR = YES;
				GCC_WARN_UNINITIALIZED_AUTOS = YES_AGGRESSIVE;
				GCC_WARN_UNUSED_FUNCTION = YES;
				GCC_WARN_UNUSED_VARIABLE = YES;
				IPHONEOS_DEPLOYMENT_TARGET = 11.3;
				MTL_ENABLE_DEBUG_INFO = YES;
				ONLY_ACTIVE_ARCH = YES;
				SDKROOT = iphoneos;
				SWIFT_ACTIVE_COMPILATION_CONDITIONS = DEBUG;
				SWIFT_OPTIMIZATION_LEVEL = "-Onone";
			};
			name = Debug;
		};
		93C111F9208546E10097631E /* Release */ = {
			isa = XCBuildConfiguration;
			buildSettings = {
				ALWAYS_SEARCH_USER_PATHS = NO;
				CLANG_ANALYZER_NONNULL = YES;
				CLANG_ANALYZER_NUMBER_OBJECT_CONVERSION = YES_AGGRESSIVE;
				CLANG_CXX_LANGUAGE_STANDARD = "gnu++14";
				CLANG_CXX_LIBRARY = "libc++";
				CLANG_ENABLE_MODULES = YES;
				CLANG_ENABLE_OBJC_ARC = YES;
				CLANG_ENABLE_OBJC_WEAK = YES;
				CLANG_WARN_BLOCK_CAPTURE_AUTORELEASING = YES;
				CLANG_WARN_BOOL_CONVERSION = YES;
				CLANG_WARN_COMMA = YES;
				CLANG_WARN_CONSTANT_CONVERSION = YES;
				CLANG_WARN_DEPRECATED_OBJC_IMPLEMENTATIONS = YES;
				CLANG_WARN_DIRECT_OBJC_ISA_USAGE = YES_ERROR;
				CLANG_WARN_DOCUMENTATION_COMMENTS = YES;
				CLANG_WARN_EMPTY_BODY = YES;
				CLANG_WARN_ENUM_CONVERSION = YES;
				CLANG_WARN_INFINITE_RECURSION = YES;
				CLANG_WARN_INT_CONVERSION = YES;
				CLANG_WARN_NON_LITERAL_NULL_CONVERSION = YES;
				CLANG_WARN_OBJC_IMPLICIT_RETAIN_SELF = YES;
				CLANG_WARN_OBJC_LITERAL_CONVERSION = YES;
				CLANG_WARN_OBJC_ROOT_CLASS = YES_ERROR;
				CLANG_WARN_RANGE_LOOP_ANALYSIS = YES;
				CLANG_WARN_STRICT_PROTOTYPES = YES;
				CLANG_WARN_SUSPICIOUS_MOVE = YES;
				CLANG_WARN_UNGUARDED_AVAILABILITY = YES_AGGRESSIVE;
				CLANG_WARN_UNREACHABLE_CODE = YES;
				CLANG_WARN__DUPLICATE_METHOD_MATCH = YES;
				CODE_SIGN_IDENTITY = "iPhone Developer";
				COPY_PHASE_STRIP = NO;
				DEBUG_INFORMATION_FORMAT = "dwarf-with-dsym";
				ENABLE_NS_ASSERTIONS = NO;
				ENABLE_STRICT_OBJC_MSGSEND = YES;
				GCC_C_LANGUAGE_STANDARD = gnu11;
				GCC_NO_COMMON_BLOCKS = YES;
				GCC_WARN_64_TO_32_BIT_CONVERSION = YES;
				GCC_WARN_ABOUT_RETURN_TYPE = YES_ERROR;
				GCC_WARN_UNDECLARED_SELECTOR = YES;
				GCC_WARN_UNINITIALIZED_AUTOS = YES_AGGRESSIVE;
				GCC_WARN_UNUSED_FUNCTION = YES;
				GCC_WARN_UNUSED_VARIABLE = YES;
				IPHONEOS_DEPLOYMENT_TARGET = 11.3;
				MTL_ENABLE_DEBUG_INFO = NO;
				SDKROOT = iphoneos;
				SWIFT_COMPILATION_MODE = wholemodule;
				SWIFT_OPTIMIZATION_LEVEL = "-O";
				VALIDATE_PRODUCT = YES;
			};
			name = Release;
		};
		93C111FB208546E10097631E /* Debug */ = {
			isa = XCBuildConfiguration;
			buildSettings = {
				ASSETCATALOG_COMPILER_APPICON_NAME = AppIcon;
				CODE_SIGN_STYLE = Automatic;
				DEVELOPMENT_TEAM = NLCWGA9FRB;
				INFOPLIST_FILE = appleMediaDisplay/Info.plist;
				LD_RUNPATH_SEARCH_PATHS = (
					"$(inherited)",
					"@executable_path/Frameworks",
				);
				PRODUCT_BUNDLE_IDENTIFIER = c4qUnit4.appleMediaDisplay;
				PRODUCT_NAME = "$(TARGET_NAME)";
				SWIFT_VERSION = 4.0;
				TARGETED_DEVICE_FAMILY = "1,2";
			};
			name = Debug;
		};
		93C111FC208546E10097631E /* Release */ = {
			isa = XCBuildConfiguration;
			buildSettings = {
				ASSETCATALOG_COMPILER_APPICON_NAME = AppIcon;
				CODE_SIGN_STYLE = Automatic;
				DEVELOPMENT_TEAM = NLCWGA9FRB;
				INFOPLIST_FILE = appleMediaDisplay/Info.plist;
				LD_RUNPATH_SEARCH_PATHS = (
					"$(inherited)",
					"@executable_path/Frameworks",
				);
				PRODUCT_BUNDLE_IDENTIFIER = c4qUnit4.appleMediaDisplay;
				PRODUCT_NAME = "$(TARGET_NAME)";
				SWIFT_VERSION = 4.0;
				TARGETED_DEVICE_FAMILY = "1,2";
			};
			name = Release;
		};
		93C111FE208546E10097631E /* Debug */ = {
			isa = XCBuildConfiguration;
			buildSettings = {
				ALWAYS_EMBED_SWIFT_STANDARD_LIBRARIES = YES;
				BUNDLE_LOADER = "$(TEST_HOST)";
				CODE_SIGN_STYLE = Automatic;
				DEVELOPMENT_TEAM = NLCWGA9FRB;
				INFOPLIST_FILE = appleMediaDisplayTests/Info.plist;
				LD_RUNPATH_SEARCH_PATHS = (
					"$(inherited)",
					"@executable_path/Frameworks",
					"@loader_path/Frameworks",
				);
				PRODUCT_BUNDLE_IDENTIFIER = c4qUnit4.appleMediaDisplayTests;
				PRODUCT_NAME = "$(TARGET_NAME)";
				SWIFT_VERSION = 4.0;
				TARGETED_DEVICE_FAMILY = "1,2";
				TEST_HOST = "$(BUILT_PRODUCTS_DIR)/appleMediaDisplay.app/appleMediaDisplay";
			};
			name = Debug;
		};
		93C111FF208546E10097631E /* Release */ = {
			isa = XCBuildConfiguration;
			buildSettings = {
				ALWAYS_EMBED_SWIFT_STANDARD_LIBRARIES = YES;
				BUNDLE_LOADER = "$(TEST_HOST)";
				CODE_SIGN_STYLE = Automatic;
				DEVELOPMENT_TEAM = NLCWGA9FRB;
				INFOPLIST_FILE = appleMediaDisplayTests/Info.plist;
				LD_RUNPATH_SEARCH_PATHS = (
					"$(inherited)",
					"@executable_path/Frameworks",
					"@loader_path/Frameworks",
				);
				PRODUCT_BUNDLE_IDENTIFIER = c4qUnit4.appleMediaDisplayTests;
				PRODUCT_NAME = "$(TARGET_NAME)";
				SWIFT_VERSION = 4.0;
				TARGETED_DEVICE_FAMILY = "1,2";
				TEST_HOST = "$(BUILT_PRODUCTS_DIR)/appleMediaDisplay.app/appleMediaDisplay";
			};
			name = Release;
		};
		93C11201208546E10097631E /* Debug */ = {
			isa = XCBuildConfiguration;
			buildSettings = {
				ALWAYS_EMBED_SWIFT_STANDARD_LIBRARIES = YES;
				CODE_SIGN_STYLE = Automatic;
				DEVELOPMENT_TEAM = NLCWGA9FRB;
				INFOPLIST_FILE = appleMediaDisplayUITests/Info.plist;
				LD_RUNPATH_SEARCH_PATHS = (
					"$(inherited)",
					"@executable_path/Frameworks",
					"@loader_path/Frameworks",
				);
				PRODUCT_BUNDLE_IDENTIFIER = c4qUnit4.appleMediaDisplayUITests;
				PRODUCT_NAME = "$(TARGET_NAME)";
				SWIFT_VERSION = 4.0;
				TARGETED_DEVICE_FAMILY = "1,2";
				TEST_TARGET_NAME = appleMediaDisplay;
			};
			name = Debug;
		};
		93C11202208546E10097631E /* Release */ = {
			isa = XCBuildConfiguration;
			buildSettings = {
				ALWAYS_EMBED_SWIFT_STANDARD_LIBRARIES = YES;
				CODE_SIGN_STYLE = Automatic;
				DEVELOPMENT_TEAM = NLCWGA9FRB;
				INFOPLIST_FILE = appleMediaDisplayUITests/Info.plist;
				LD_RUNPATH_SEARCH_PATHS = (
					"$(inherited)",
					"@executable_path/Frameworks",
					"@loader_path/Frameworks",
				);
				PRODUCT_BUNDLE_IDENTIFIER = c4qUnit4.appleMediaDisplayUITests;
				PRODUCT_NAME = "$(TARGET_NAME)";
				SWIFT_VERSION = 4.0;
				TARGETED_DEVICE_FAMILY = "1,2";
				TEST_TARGET_NAME = appleMediaDisplay;
			};
			name = Release;
		};
/* End XCBuildConfiguration section */

/* Begin XCConfigurationList section */
		93C111CA208546DE0097631E /* Build configuration list for PBXProject "appleMediaDisplay" */ = {
			isa = XCConfigurationList;
			buildConfigurations = (
				93C111F8208546E10097631E /* Debug */,
				93C111F9208546E10097631E /* Release */,
			);
			defaultConfigurationIsVisible = 0;
			defaultConfigurationName = Release;
		};
		93C111FA208546E10097631E /* Build configuration list for PBXNativeTarget "appleMediaDisplay" */ = {
			isa = XCConfigurationList;
			buildConfigurations = (
				93C111FB208546E10097631E /* Debug */,
				93C111FC208546E10097631E /* Release */,
			);
			defaultConfigurationIsVisible = 0;
			defaultConfigurationName = Release;
		};
		93C111FD208546E10097631E /* Build configuration list for PBXNativeTarget "appleMediaDisplayTests" */ = {
			isa = XCConfigurationList;
			buildConfigurations = (
				93C111FE208546E10097631E /* Debug */,
				93C111FF208546E10097631E /* Release */,
			);
			defaultConfigurationIsVisible = 0;
			defaultConfigurationName = Release;
		};
		93C11200208546E10097631E /* Build configuration list for PBXNativeTarget "appleMediaDisplayUITests" */ = {
			isa = XCConfigurationList;
			buildConfigurations = (
				93C11201208546E10097631E /* Debug */,
				93C11202208546E10097631E /* Release */,
			);
			defaultConfigurationIsVisible = 0;
			defaultConfigurationName = Release;
		};
/* End XCConfigurationList section */

/* Begin XCVersionGroup section */
		93C111D9208546DF0097631E /* appleMediaDisplay.xcdatamodeld */ = {
			isa = XCVersionGroup;
			children = (
				93C111DA208546DF0097631E /* appleMediaDisplay.xcdatamodel */,
			);
			currentVersion = 93C111DA208546DF0097631E /* appleMediaDisplay.xcdatamodel */;
			path = appleMediaDisplay.xcdatamodeld;
			sourceTree = "<group>";
			versionGroupType = wrapper.xcdatamodel;
		};
/* End XCVersionGroup section */
	};
	rootObject = 93C111C7208546DE0097631E /* Project object */;
}
